
Microsoft Visual Studio Solution File, Format Version 12.00
Project("{FAE04EC0-301F-11D3-BF4B-00C04F79EFBC}") = "DataVault.API", "DataVault.API\DataVault.API.csproj", "{76399A2A-7DC8-4262-B571-137F133345BF}"
EndProject
Project("{FAE04EC0-301F-11D3-BF4B-00C04F79EFBC}") = "DataVaultOcelotGateway", "DataVaultOcelotGateway\DataVaultOcelotGateway.csproj", "{6BF6EA3F-2927-4083-88FE-BF901E422541}"
EndProject
Global
	GlobalSection(SolutionConfigurationPlatforms) = preSolution
		Debug|Any CPU = Debug|Any CPU
		Release|Any CPU = Release|Any CPU
	EndGlobalSection
	GlobalSection(ProjectConfigurationPlatforms) = postSolution
		{76399A2A-7DC8-4262-B571-137F133345BF}.Debug|Any CPU.ActiveCfg = Debug|Any CPU
		{76399A2A-7DC8-4262-B571-137F133345BF}.Debug|Any CPU.Build.0 = Debug|Any CPU
		{76399A2A-7DC8-4262-B571-137F133345BF}.Release|Any CPU.ActiveCfg = Release|Any CPU
		{76399A2A-7DC8-4262-B571-137F133345BF}.Release|Any CPU.Build.0 = Release|Any CPU
		{6BF6EA3F-2927-4083-88FE-BF901E422541}.Debug|Any CPU.ActiveCfg = Debug|Any CPU
		{6BF6EA3F-2927-4083-88FE-BF901E422541}.Debug|Any CPU.Build.0 = Debug|Any CPU
		{6BF6EA3F-2927-4083-88FE-BF901E422541}.Release|Any CPU.ActiveCfg = Release|Any CPU
		{6BF6EA3F-2927-4083-88FE-BF901E422541}.Release|Any CPU.Build.0 = Release|Any CPU
	EndGlobalSection
EndGlobal
